Microsoft Visual Studio Solution File, Format Version 12.00
# Visual Studio Version 18
VisualStudioVersion = 18.7.11911.148 stable
MinimumVisualStudioVersion = 10.0.40219.1
Project("{FAE04EC0-301F-11D3-BF4B-00C04F79EFBC}") = "SecondShiftAutoCare.Client", "src\SecondShiftAutoCare.Client\SecondShiftAutoCare.Client.csproj", "{4C3E8FCB-511A-46E9-A399-2B56C9E1C101}"
	ProjectSection(ProjectDependencies) = postProject
		{0E214751-F4C2-4E60-89A7-93389A88C820} = {0E214751-F4C2-4E60-89A7-93389A88C820}
	EndProjectSection
EndProject
Project("{FAE04EC0-301F-11D3-BF4B-00C04F79EFBC}") = "SecondShiftAutoCare.Api", "src\SecondShiftAutoCare.Api\SecondShiftAutoCare.Api.csproj", "{0E214751-F4C2-4E60-89A7-93389A88C820}"
EndProject
Project("{FAE04EC0-301F-11D3-BF4B-00C04F79EFBC}") = "SecondShiftAutoCare.Shared", "src\SecondShiftAutoCare.Shared\SecondShiftAutoCare.Shared.csproj", "{036A1E79-68FF-4E62-9698-ACCD366D448B}"
EndProject
Global
	GlobalSection(SolutionConfigurationPlatforms) = preSolution
		Debug|Any CPU = Debug|Any CPU
		Release|Any CPU = Release|Any CPU
	EndGlobalSection
	GlobalSection(ProjectConfigurationPlatforms) = postSolution
		{4C3E8FCB-511A-46E9-A399-2B56C9E1C101}.Debug|Any CPU.ActiveCfg = Debug|Any CPU
		{4C3E8FCB-511A-46E9-A399-2B56C9E1C101}.Debug|Any CPU.Build.0 = Debug|Any CPU
		{4C3E8FCB-511A-46E9-A399-2B56C9E1C101}.Release|Any CPU.ActiveCfg = Release|Any CPU
		{4C3E8FCB-511A-46E9-A399-2B56C9E1C101}.Release|Any CPU.Build.0 = Release|Any CPU
		{0E214751-F4C2-4E60-89A7-93389A88C820}.Debug|Any CPU.ActiveCfg = Debug|Any CPU
		{0E214751-F4C2-4E60-89A7-93389A88C820}.Debug|Any CPU.Build.0 = Debug|Any CPU
		{0E214751-F4C2-4E60-89A7-93389A88C820}.Release|Any CPU.ActiveCfg = Release|Any CPU
		{0E214751-F4C2-4E60-89A7-93389A88C820}.Release|Any CPU.Build.0 = Release|Any CPU
		{036A1E79-68FF-4E62-9698-ACCD366D448B}.Debug|Any CPU.ActiveCfg = Debug|Any CPU
		{036A1E79-68FF-4E62-9698-ACCD366D448B}.Debug|Any CPU.Build.0 = Debug|Any CPU
		{036A1E79-68FF-4E62-9698-ACCD366D448B}.Release|Any CPU.ActiveCfg = Release|Any CPU
		{036A1E79-68FF-4E62-9698-ACCD366D448B}.Release|Any CPU.Build.0 = Release|Any CPU
	EndGlobalSection
	GlobalSection(SolutionProperties) = preSolution
		HideSolutionNode = FALSE
	EndGlobalSection
EndGlobal
